{
  "requires": true,
  "lockfileVersion": 1,
  "dependencies": {
    "@overwolf/types": {
      "version": "3.12.0",
      "resolved": "https://registry.npmjs.org/@overwolf/types/-/types-3.12.0.tgz",
      "integrity": "sha512-5y4wqd4lk/DVIhrDi3GEZyyhbSgsY/k37c/tbFQ/IRI5258JsA9y/X57ip+y3yjujemKmPSSzOUrmEGUk+jc7A==",
      "dev": true
    }
  }
}
